// !$*UTF8*$!
{
	archiveVersion = 1;
	classes = {
	};
	objectVersion = 51;
	objects = {

/* Begin PBXBuildFile section */
		140C11D5256D564B003DA8CF /* FoodvisorApiModel.swift in Sources */ = {isa = PBXBuildFile; fileRef = 140C11D4256D564B003DA8CF /* FoodvisorApiModel.swift */; };
		140C11DA256D5FF4003DA8CF /* FoodlistController.swift in Sources */ = {isa = PBXBuildFile; fileRef = 140C11D9256D5FF4003DA8CF /* FoodlistController.swift */; };
		140C11DF256D65CC003DA8CF /* FoodlistViewModel.swift in Sources */ = {isa = PBXBuildFile; fileRef = 140C11DE256D65CC003DA8CF /* FoodlistViewModel.swift */; };
		140C11EA256D6A3A003DA8CF /* Food+CoreDataClass.swift in Sources */ = {isa = PBXBuildFile; fileRef = 140C11E8256D6A3A003DA8CF /* Food+CoreDataClass.swift */; };
		140C11EB256D6A3A003DA8CF /* Food+CoreDataProperties.swift in Sources */ = {isa = PBXBuildFile; fileRef = 140C11E9256D6A3A003DA8CF /* Food+CoreDataProperties.swift */; };
		140C11F3256D6A9F003DA8CF /* DataManager.swift in Sources */ = {isa = PBXBuildFile; fileRef = 140C11F2256D6A9F003DA8CF /* DataManager.swift */; };
		140C11F8256D6B46003DA8CF /* FoodDataManager.swift in Sources */ = {isa = PBXBuildFile; fileRef = 140C11F7256D6B46003DA8CF /* FoodDataManager.swift */; };
		140C11FD256D6C64003DA8CF /* Misc.swift in Sources */ = {isa = PBXBuildFile; fileRef = 140C11FC256D6C64003DA8CF /* Misc.swift */; };
		140C1205256DC6F3003DA8CF /* FoodlistCell.swift in Sources */ = {isa = PBXBuildFile; fileRef = 140C1204256DC6F3003DA8CF /* FoodlistCell.swift */; };
		1439C7A0257303CA00A27920 /* FoodItemEditController.swift in Sources */ = {isa = PBXBuildFile; fileRef = 1439C79F257303CA00A27920 /* FoodItemEditController.swift */; };
		1439C7A625730B6900A27920 /* FoodItemEditViewModel.swift in Sources */ = {isa = PBXBuildFile; fileRef = 1439C7A525730B6900A27920 /* FoodItemEditViewModel.swift */; };
		148D4B4D256C6A530091BCF3 /* AppDelegate.swift in Sources */ = {isa = PBXBuildFile; fileRef = 148D4B4C256C6A530091BCF3 /* AppDelegate.swift */; };
		148D4B50256C6A530091BCF3 /* AppCoordinator.swift in Sources */ = {isa = PBXBuildFile; fileRef = 148D4B4F256C6A530091BCF3 /* AppCoordinator.swift */; };
		148D4B54256C6A530091BCF3 /* CoordinatorFactory.swift in Sources */ = {isa = PBXBuildFile; fileRef = 148D4B53256C6A530091BCF3 /* CoordinatorFactory.swift */; };
		148D4B56256C6A530091BCF3 /* CoordinatorFactoryImp.swift in Sources */ = {isa = PBXBuildFile; fileRef = 148D4B55256C6A530091BCF3 /* CoordinatorFactoryImp.swift */; };
		148D4B59256C6A530091BCF3 /* ModuleFactory.swift in Sources */ = {isa = PBXBuildFile; fileRef = 148D4B58256C6A530091BCF3 /* ModuleFactory.swift */; };
		148D4B5B256C6A530091BCF3 /* ModuleFactoryImp.swift in Sources */ = {isa = PBXBuildFile; fileRef = 148D4B5A256C6A530091BCF3 /* ModuleFactoryImp.swift */; };
		148D4B5E256C6A530091BCF3 /* Base.swift in Sources */ = {isa = PBXBuildFile; fileRef = 148D4B5D256C6A530091BCF3 /* Base.swift */; };
		148D4B60256C6A530091BCF3 /* BaseNavigationController.swift in Sources */ = {isa = PBXBuildFile; fileRef = 148D4B5F256C6A530091BCF3 /* BaseNavigationController.swift */; };
		148D4B63256C6A530091BCF3 /* Router.swift in Sources */ = {isa = PBXBuildFile; fileRef = 148D4B62256C6A530091BCF3 /* Router.swift */; };
		148D4B65256C6A530091BCF3 /* RouterImp.swift in Sources */ = {isa = PBXBuildFile; fileRef = 148D4B64256C6A530091BCF3 /* RouterImp.swift */; };
		148D4B68256C6A530091BCF3 /* Date.swift in Sources */ = {isa = PBXBuildFile; fileRef = 148D4B67256C6A530091BCF3 /* Date.swift */; };
		148D4B6A256C6A530091BCF3 /* UIButton.swift in Sources */ = {isa = PBXBuildFile; fileRef = 148D4B69256C6A530091BCF3 /* UIButton.swift */; };
		148D4B6C256C6A530091BCF3 /* UIColor.swift in Sources */ = {isa = PBXBuildFile; fileRef = 148D4B6B256C6A530091BCF3 /* UIColor.swift */; };
		148D4B6E256C6A530091BCF3 /* UIImageView.swift in Sources */ = {isa = PBXBuildFile; fileRef = 148D4B6D256C6A530091BCF3 /* UIImageView.swift */; };
		148D4B70256C6A530091BCF3 /* UILabel.swift in Sources */ = {isa = PBXBuildFile; fileRef = 148D4B6F256C6A530091BCF3 /* UILabel.swift */; };
		148D4B72256C6A530091BCF3 /* UITableView.swift in Sources */ = {isa = PBXBuildFile; fileRef = 148D4B71256C6A530091BCF3 /* UITableView.swift */; };
		148D4B74256C6A530091BCF3 /* UIView.swift in Sources */ = {isa = PBXBuildFile; fileRef = 148D4B73256C6A530091BCF3 /* UIView.swift */; };
		148D4B76256C6A530091BCF3 /* UIViewController.swift in Sources */ = {isa = PBXBuildFile; fileRef = 148D4B75256C6A530091BCF3 /* UIViewController.swift */; };
		148D4B7B256C6A530091BCF3 /* Foodvisor_technical.xcdatamodeld in Sources */ = {isa = PBXBuildFile; fileRef = 148D4B79256C6A530091BCF3 /* Foodvisor_technical.xcdatamodeld */; };
		148D4B7D256C6A540091BCF3 /* Assets.xcassets in Resources */ = {isa = PBXBuildFile; fileRef = 148D4B7C256C6A540091BCF3 /* Assets.xcassets */; };
		148D4B80256C6A540091BCF3 /* LaunchScreen.storyboard in Resources */ = {isa = PBXBuildFile; fileRef = 148D4B7E256C6A540091BCF3 /* LaunchScreen.storyboard */; };
		148D4B8B256C6A540091BCF3 /* Foodvisor_technicalTests.swift in Sources */ = {isa = PBXBuildFile; fileRef = 148D4B8A256C6A540091BCF3 /* Foodvisor_technicalTests.swift */; };
		148D4BAC256C776B0091BCF3 /* FoodvisorApi.swift in Sources */ = {isa = PBXBuildFile; fileRef = 148D4BAB256C776B0091BCF3 /* FoodvisorApi.swift */; };
		148D4BB1256C77B60091BCF3 /* Constants.swift in Sources */ = {isa = PBXBuildFile; fileRef = 148D4BB0256C77B60091BCF3 /* Constants.swift */; };
		148D4BB7256C79250091BCF3 /* FoodlistCoordinator.swift in Sources */ = {isa = PBXBuildFile; fileRef = 148D4BB6256C79250091BCF3 /* FoodlistCoordinator.swift */; };
		14A6F9A425759642009CC5B7 /* UITextField.swift in Sources */ = {isa = PBXBuildFile; fileRef = 14A6F9A325759642009CC5B7 /* UITextField.swift */; };
		14A6F9A92575B9B5009CC5B7 /* ImagePickerHandler.swift in Sources */ = {isa = PBXBuildFile; fileRef = 14A6F9A82575B9B5009CC5B7 /* ImagePickerHandler.swift */; };
		14B2CFB12576FC9B00BF5DD0 /* Foodvisor_technical.xcdatamodeld in Sources */ = {isa = PBXBuildFile; fileRef = 148D4B79256C6A530091BCF3 /* Foodvisor_technical.xcdatamodeld */; };
		14B2CFC32577006000BF5DD0 /* TabbarCoordinator.swift in Sources */ = {isa = PBXBuildFile; fileRef = 14B2CFC22577006000BF5DD0 /* TabbarCoordinator.swift */; };
		14B2CFC82577008500BF5DD0 /* TabbarController.swift in Sources */ = {isa = PBXBuildFile; fileRef = 14B2CFC72577008500BF5DD0 /* TabbarController.swift */; };
		14B2CFCE2577047000BF5DD0 /* GeneratorController.swift in Sources */ = {isa = PBXBuildFile; fileRef = 14B2CFCD2577047000BF5DD0 /* GeneratorController.swift */; };
		14B2CFD32577050400BF5DD0 /* GeneratorViewModel.swift in Sources */ = {isa = PBXBuildFile; fileRef = 14B2CFD22577050400BF5DD0 /* GeneratorViewModel.swift */; };
		14B2CFD8257705FB00BF5DD0 /* GeneratorCoordinator.swift in Sources */ = {isa = PBXBuildFile; fileRef = 14B2CFD7257705FB00BF5DD0 /* GeneratorCoordinator.swift */; };
		14C1E7F225746EEE00F8417E /* LabelTextField.swift in Sources */ = {isa = PBXBuildFile; fileRef = 14C1E7F125746EEE00F8417E /* LabelTextField.swift */; };
		4AFCA6493EDAB302BEE5ED46 /* Pods_Foodvisor_technicalTests.framework in Frameworks */ = {isa = PBXBuildFile; fileRef = 469B3AB8C117EED9D9A6034A /* Pods_Foodvisor_technicalTests.framework */; };
		7F9EFB61F94B1A2E6957A698 /* Pods_Foodvisor_technical.framework in Frameworks */ = {isa = PBXBuildFile; fileRef = 6FDF178638CE9E127E277D2E /* Pods_Foodvisor_technical.framework */; };
/* End PBXBuildFile section */

/* Begin PBXContainerItemProxy section */
		148D4B87256C6A540091BCF3 /* PBXContainerItemProxy */ = {
			isa = PBXContainerItemProxy;
			containerPortal = 148D4B41256C6A530091BCF3 /* Project object */;
			proxyType = 1;
			remoteGlobalIDString = 148D4B48256C6A530091BCF3;
			remoteInfo = "Foodvisor-technical";
		};
/* End PBXContainerItemProxy section */

/* Begin PBXFileReference section */
		03504DD6EF4BBDDB3F1AE357 /* Pods_Foodvisor_technical_Foodvisor_technicalUITests.framework */ = {isa = PBXFileReference; explicitFileType = wrapper.framework; includeInIndex = 0; path = Pods_Foodvisor_technical_Foodvisor_technicalUITests.framework; sourceTree = BUILT_PRODUCTS_DIR; };
		140C11D4256D564B003DA8CF /* FoodvisorApiModel.swift */ = {isa = PBXFileReference; lastKnownFileType = sourcecode.swift; path = FoodvisorApiModel.swift; sourceTree = "<group>"; };
		140C11D9256D5FF4003DA8CF /* FoodlistController.swift */ = {isa = PBXFileReference; lastKnownFileType = sourcecode.swift; path = FoodlistController.swift; sourceTree = "<group>"; };
		140C11DE256D65CC003DA8CF /* FoodlistViewModel.swift */ = {isa = PBXFileReference; lastKnownFileType = sourcecode.swift; path = FoodlistViewModel.swift; sourceTree = "<group>"; };
		140C11E8256D6A3A003DA8CF /* Food+CoreDataClass.swift */ = {isa = PBXFileReference; lastKnownFileType = sourcecode.swift; path = "Food+CoreDataClass.swift"; sourceTree = "<group>"; };
		140C11E9256D6A3A003DA8CF /* Food+CoreDataProperties.swift */ = {isa = PBXFileReference; lastKnownFileType = sourcecode.swift; path = "Food+CoreDataProperties.swift"; sourceTree = "<group>"; };
		140C11F2256D6A9F003DA8CF /* DataManager.swift */ = {isa = PBXFileReference; lastKnownFileType = sourcecode.swift; path = DataManager.swift; sourceTree = "<group>"; };
		140C11F7256D6B46003DA8CF /* FoodDataManager.swift */ = {isa = PBXFileReference; lastKnownFileType = sourcecode.swift; path = FoodDataManager.swift; sourceTree = "<group>"; };
		140C11FC256D6C64003DA8CF /* Misc.swift */ = {isa = PBXFileReference; lastKnownFileType = sourcecode.swift; path = Misc.swift; sourceTree = "<group>"; };
		140C1204256DC6F3003DA8CF /* FoodlistCell.swift */ = {isa = PBXFileReference; lastKnownFileType = sourcecode.swift; path = FoodlistCell.swift; sourceTree = "<group>"; };
		1439C79F257303CA00A27920 /* FoodItemEditController.swift */ = {isa = PBXFileReference; lastKnownFileType = sourcecode.swift; path = FoodItemEditController.swift; sourceTree = "<group>"; };
		1439C7A525730B6900A27920 /* FoodItemEditViewModel.swift */ = {isa = PBXFileReference; lastKnownFileType = sourcecode.swift; path = FoodItemEditViewModel.swift; sourceTree = "<group>"; };
		148D4B49256C6A530091BCF3 /* Foodvisor-technical.app */ = {isa = PBXFileReference; explicitFileType = wrapper.application; includeInIndex = 0; path = "Foodvisor-technical.app"; sourceTree = BUILT_PRODUCTS_DIR; };
		148D4B4C256C6A530091BCF3 /* AppDelegate.swift */ = {isa = PBXFileReference; lastKnownFileType = sourcecode.swift; path = AppDelegate.swift; sourceTree = "<group>"; };
		148D4B4F256C6A530091BCF3 /* AppCoordinator.swift */ = {isa = PBXFileReference; lastKnownFileType = sourcecode.swift; path = AppCoordinator.swift; sourceTree = "<group>"; };
		148D4B53256C6A530091BCF3 /* CoordinatorFactory.swift */ = {isa = PBXFileReference; lastKnownFileType = sourcecode.swift; path = CoordinatorFactory.swift; sourceTree = "<group>"; };
		148D4B55256C6A530091BCF3 /* CoordinatorFactoryImp.swift */ = {isa = PBXFileReference; lastKnownFileType = sourcecode.swift; path = CoordinatorFactoryImp.swift; sourceTree = "<group>"; };
		148D4B58256C6A530091BCF3 /* ModuleFactory.swift */ = {isa = PBXFileReference; lastKnownFileType = sourcecode.swift; path = ModuleFactory.swift; sourceTree = "<group>"; };
		148D4B5A256C6A530091BCF3 /* ModuleFactoryImp.swift */ = {isa = PBXFileReference; lastKnownFileType = sourcecode.swift; path = ModuleFactoryImp.swift; sourceTree = "<group>"; };
		148D4B5D256C6A530091BCF3 /* Base.swift */ = {isa = PBXFileReference; lastKnownFileType = sourcecode.swift; path = Base.swift; sourceTree = "<group>"; };
		148D4B5F256C6A530091BCF3 /* BaseNavigationController.swift */ = {isa = PBXFileReference; lastKnownFileType = sourcecode.swift; path = BaseNavigationController.swift; sourceTree = "<group>"; };
		148D4B62256C6A530091BCF3 /* Router.swift */ = {isa = PBXFileReference; lastKnownFileType = sourcecode.swift; path = Router.swift; sourceTree = "<group>"; };
		148D4B64256C6A530091BCF3 /* RouterImp.swift */ = {isa = PBXFileReference; lastKnownFileType = sourcecode.swift; path = RouterImp.swift; sourceTree = "<group>"; };
		148D4B67256C6A530091BCF3 /* Date.swift */ = {isa = PBXFileReference; lastKnownFileType = sourcecode.swift; path = Date.swift; sourceTree = "<group>"; };
		148D4B69256C6A530091BCF3 /* UIButton.swift */ = {isa = PBXFileReference; lastKnownFileType = sourcecode.swift; path = UIButton.swift; sourceTree = "<group>"; };
		148D4B6B256C6A530091BCF3 /* UIColor.swift */ = {isa = PBXFileReference; lastKnownFileType = sourcecode.swift; path = UIColor.swift; sourceTree = "<group>"; };
		148D4B6D256C6A530091BCF3 /* UIImageView.swift */ = {isa = PBXFileReference; lastKnownFileType = sourcecode.swift; path = UIImageView.swift; sourceTree = "<group>"; };
		148D4B6F256C6A530091BCF3 /* UILabel.swift */ = {isa = PBXFileReference; lastKnownFileType = sourcecode.swift; path = UILabel.swift; sourceTree = "<group>"; };
		148D4B71256C6A530091BCF3 /* UITableView.swift */ = {isa = PBXFileReference; lastKnownFileType = sourcecode.swift; path = UITableView.swift; sourceTree = "<group>"; };
		148D4B73256C6A530091BCF3 /* UIView.swift */ = {isa = PBXFileReference; lastKnownFileType = sourcecode.swift; path = UIView.swift; sourceTree = "<group>"; };
		148D4B75256C6A530091BCF3 /* UIViewController.swift */ = {isa = PBXFileReference; lastKnownFileType = sourcecode.swift; path = UIViewController.swift; sourceTree = "<group>"; };
		148D4B7A256C6A530091BCF3 /* Foodvisor_technical.xcdatamodel */ = {isa = PBXFileReference; lastKnownFileType = wrapper.xcdatamodel; path = Foodvisor_technical.xcdatamodel; sourceTree = "<group>"; };
		148D4B7C256C6A540091BCF3 /* Assets.xcassets */ = {isa = PBXFileReference; lastKnownFileType = folder.assetcatalog; path = Assets.xcassets; sourceTree = "<group>"; };
		148D4B7F256C6A540091BCF3 /* Base */ = {isa = PBXFileReference; lastKnownFileType = file.storyboard; name = Base; path = Base.lproj/LaunchScreen.storyboard; sourceTree = "<group>"; };
		148D4B81256C6A540091BCF3 /* Info.plist */ = {isa = PBXFileReference; lastKnownFileType = text.plist.xml; path = Info.plist; sourceTree = "<group>"; };
		148D4B86256C6A540091BCF3 /* Foodvisor-technicalTests.xctest */ = {isa = PBXFileReference; explicitFileType = wrapper.cfbundle; includeInIndex = 0; path = "Foodvisor-technicalTests.xctest"; sourceTree = BUILT_PRODUCTS_DIR; };
		148D4B8A256C6A540091BCF3 /* Foodvisor_technicalTests.swift */ = {isa = PBXFileReference; lastKnownFileType = sourcecode.swift; path = Foodvisor_technicalTests.swift; sourceTree = "<group>"; };
		148D4B8C256C6A540091BCF3 /* Info.plist */ = {isa = PBXFileReference; lastKnownFileType = text.plist.xml; path = Info.plist; sourceTree = "<group>"; };
		148D4BAB256C776B0091BCF3 /* FoodvisorApi.swift */ = {isa = PBXFileReference; lastKnownFileType = sourcecode.swift; path = FoodvisorApi.swift; sourceTree = "<group>"; };
		148D4BB0256C77B60091BCF3 /* Constants.swift */ = {isa = PBXFileReference; lastKnownFileType = sourcecode.swift; path = Constants.swift; sourceTree = "<group>"; };
		148D4BB6256C79250091BCF3 /* FoodlistCoordinator.swift */ = {isa = PBXFileReference; lastKnownFileType = sourcecode.swift; path = FoodlistCoordinator.swift; sourceTree = "<group>"; };
		14A6F9A325759642009CC5B7 /* UITextField.swift */ = {isa = PBXFileReference; lastKnownFileType = sourcecode.swift; path = UITextField.swift; sourceTree = "<group>"; };
		14A6F9A82575B9B5009CC5B7 /* ImagePickerHandler.swift */ = {isa = PBXFileReference; lastKnownFileType = sourcecode.swift; path = ImagePickerHandler.swift; sourceTree = "<group>"; };
		14B2CFC22577006000BF5DD0 /* TabbarCoordinator.swift */ = {isa = PBXFileReference; lastKnownFileType = sourcecode.swift; path = TabbarCoordinator.swift; sourceTree = "<group>"; };
		14B2CFC72577008500BF5DD0 /* TabbarController.swift */ = {isa = PBXFileReference; lastKnownFileType = sourcecode.swift; path = TabbarController.swift; sourceTree = "<group>"; };
		14B2CFCD2577047000BF5DD0 /* GeneratorController.swift */ = {isa = PBXFileReference; lastKnownFileType = sourcecode.swift; path = GeneratorController.swift; sourceTree = "<group>"; };
		14B2CFD22577050400BF5DD0 /* GeneratorViewModel.swift */ = {isa = PBXFileReference; lastKnownFileType = sourcecode.swift; path = GeneratorViewModel.swift; sourceTree = "<group>"; };
		14B2CFD7257705FB00BF5DD0 /* GeneratorCoordinator.swift */ = {isa = PBXFileReference; lastKnownFileType = sourcecode.swift; path = GeneratorCoordinator.swift; sourceTree = "<group>"; };
		14C1E7F125746EEE00F8417E /* LabelTextField.swift */ = {isa = PBXFileReference; lastKnownFileType = sourcecode.swift; path = LabelTextField.swift; sourceTree = "<group>"; };
		1EB27D2BFC841C25A5ECDA2B /* Pods-Foodvisor-technical.debug.xcconfig */ = {isa = PBXFileReference; includeInIndex = 1; lastKnownFileType = text.xcconfig; name = "Pods-Foodvisor-technical.debug.xcconfig"; path = "Target Support Files/Pods-Foodvisor-technical/Pods-Foodvisor-technical.debug.xcconfig"; sourceTree = "<group>"; };
		469B3AB8C117EED9D9A6034A /* Pods_Foodvisor_technicalTests.framework */ = {isa = PBXFileReference; explicitFileType = wrapper.framework; includeInIndex = 0; path = Pods_Foodvisor_technicalTests.framework; sourceTree = BUILT_PRODUCTS_DIR; };
		6FDF178638CE9E127E277D2E /* Pods_Foodvisor_technical.framework */ = {isa = PBXFileReference; explicitFileType = wrapper.framework; includeInIndex = 0; path = Pods_Foodvisor_technical.framework; sourceTree = BUILT_PRODUCTS_DIR; };
		770C6B231A0C343B0B3AE4F7 /* Pods-Foodvisor-technicalTests.release.xcconfig */ = {isa = PBXFileReference; includeInIndex = 1; lastKnownFileType = text.xcconfig; name = "Pods-Foodvisor-technicalTests.release.xcconfig"; path = "Target Support Files/Pods-Foodvisor-technicalTests/Pods-Foodvisor-technicalTests.release.xcconfig"; sourceTree = "<group>"; };
		9710411A7095B8F349AEFB63 /* Pods-Foodvisor-technical-Foodvisor-technicalUITests.debug.xcconfig */ = {isa = PBXFileReference; includeInIndex = 1; lastKnownFileType = text.xcconfig; name = "Pods-Foodvisor-technical-Foodvisor-technicalUITests.debug.xcconfig"; path = "Target Support Files/Pods-Foodvisor-technical-Foodvisor-technicalUITests/Pods-Foodvisor-technical-Foodvisor-technicalUITests.debug.xcconfig"; sourceTree = "<group>"; };
		AD024B063BC77B3E0BD60F38 /* Pods-Foodvisor-technicalTests.debug.xcconfig */ = {isa = PBXFileReference; includeInIndex = 1; lastKnownFileType = text.xcconfig; name = "Pods-Foodvisor-technicalTests.debug.xcconfig"; path = "Target Support Files/Pods-Foodvisor-technicalTests/Pods-Foodvisor-technicalTests.debug.xcconfig"; sourceTree = "<group>"; };
		D13325D94F6A4ECA5EDBECFC /* Pods-Foodvisor-technical-Foodvisor-technicalUITests.release.xcconfig */ = {isa = PBXFileReference; includeInIndex = 1; lastKnownFileType = text.xcconfig; name = "Pods-Foodvisor-technical-Foodvisor-technicalUITests.release.xcconfig"; path = "Target Support Files/Pods-Foodvisor-technical-Foodvisor-technicalUITests/Pods-Foodvisor-technical-Foodvisor-technicalUITests.release.xcconfig"; sourceTree = "<group>"; };
		FE543D6A2FD12E29F5D9F0EB /* Pods-Foodvisor-technical.release.xcconfig */ = {isa = PBXFileReference; includeInIndex = 1; lastKnownFileType = text.xcconfig; name = "Pods-Foodvisor-technical.release.xcconfig"; path = "Target Support Files/Pods-Foodvisor-technical/Pods-Foodvisor-technical.release.xcconfig"; sourceTree = "<group>"; };
/* End PBXFileReference section */

/* Begin PBXFrameworksBuildPhase section */
		148D4B46256C6A530091BCF3 /* Frameworks */ = {
			isa = PBXFrameworksBuildPhase;
			buildActionMask = 2147483647;
			files = (
				7F9EFB61F94B1A2E6957A698 /* Pods_Foodvisor_technical.framework in Frameworks */,
			);
			runOnlyForDeploymentPostprocessing = 0;
		};
		148D4B83256C6A540091BCF3 /* Frameworks */ = {
			isa = PBXFrameworksBuildPhase;
			buildActionMask = 2147483647;
			files = (
				4AFCA6493EDAB302BEE5ED46 /* Pods_Foodvisor_technicalTests.framework in Frameworks */,
			);
			runOnlyForDeploymentPostprocessing = 0;
		};
/* End PBXFrameworksBuildPhase section */

/* Begin PBXGroup section */
		140C11E6256D69C1003DA8CF /* CoreData */ = {
			isa = PBXGroup;
			children = (
				140C11E7256D69D0003DA8CF /* Model */,
				148D4B79256C6A530091BCF3 /* Foodvisor_technical.xcdatamodeld */,
				140C11F2256D6A9F003DA8CF /* DataManager.swift */,
				140C11F7256D6B46003DA8CF /* FoodDataManager.swift */,
			);
			path = CoreData;
			sourceTree = "<group>";
		};
		140C11E7256D69D0003DA8CF /* Model */ = {
			isa = PBXGroup;
			children = (
				140C11E8256D6A3A003DA8CF /* Food+CoreDataClass.swift */,
				140C11E9256D6A3A003DA8CF /* Food+CoreDataProperties.swift */,
			);
			path = Model;
			sourceTree = "<group>";
		};
		1439C7A425730B5300A27920 /* FoodItemEdit */ = {
			isa = PBXGroup;
			children = (
				1439C79F257303CA00A27920 /* FoodItemEditController.swift */,
				1439C7A525730B6900A27920 /* FoodItemEditViewModel.swift */,
			);
			path = FoodItemEdit;
			sourceTree = "<group>";
		};
		148D4B40256C6A530091BCF3 = {
			isa = PBXGroup;
			children = (
				148D4B4B256C6A530091BCF3 /* Foodvisor-technical */,
				148D4B89256C6A540091BCF3 /* Foodvisor-technicalTests */,
				148D4B4A256C6A530091BCF3 /* Products */,
				50F456E09BCA93D219D381CC /* Pods */,
				26639F7BADC1B0DEF0CCAED5 /* Frameworks */,
			);
			sourceTree = "<group>";
		};
		148D4B4A256C6A530091BCF3 /* Products */ = {
			isa = PBXGroup;
			children = (
				148D4B49256C6A530091BCF3 /* Foodvisor-technical.app */,
				148D4B86256C6A540091BCF3 /* Foodvisor-technicalTests.xctest */,
			);
			name = Products;
			sourceTree = "<group>";
		};
		148D4B4B256C6A530091BCF3 /* Foodvisor-technical */ = {
			isa = PBXGroup;
			children = (
				140C11E6256D69C1003DA8CF /* CoreData */,
				148D4BAA256C774F0091BCF3 /* Network */,
				148D4B4C256C6A530091BCF3 /* AppDelegate.swift */,
				148D4B7C256C6A540091BCF3 /* Assets.xcassets */,
				148D4B7E256C6A540091BCF3 /* LaunchScreen.storyboard */,
				148D4B81256C6A540091BCF3 /* Info.plist */,
				148D4B4E256C6A530091BCF3 /* Flows */,
				148D4B51256C6A530091BCF3 /* Factories */,
				148D4B5C256C6A530091BCF3 /* Base */,
				148D4B66256C6A530091BCF3 /* Extensions */,
				148D4BB0256C77B60091BCF3 /* Constants.swift */,
			);
			path = "Foodvisor-technical";
			sourceTree = "<group>";
		};
		148D4B4E256C6A530091BCF3 /* Flows */ = {
			isa = PBXGroup;
			children = (
				14B2CFCC2577046200BF5DD0 /* Generator */,
				14B2CFC12577004E00BF5DD0 /* Tabbar */,
				148D4BB5256C79110091BCF3 /* Foodlist */,
				148D4B4F256C6A530091BCF3 /* AppCoordinator.swift */,
			);
			path = Flows;
			sourceTree = "<group>";
		};
		148D4B51256C6A530091BCF3 /* Factories */ = {
			isa = PBXGroup;
			children = (
				148D4B52256C6A530091BCF3 /* Coordinators */,
				148D4B57256C6A530091BCF3 /* Modules */,
			);
			path = Factories;
			sourceTree = "<group>";
		};
		148D4B52256C6A530091BCF3 /* Coordinators */ = {
			isa = PBXGroup;
			children = (
				148D4B53256C6A530091BCF3 /* CoordinatorFactory.swift */,
				148D4B55256C6A530091BCF3 /* CoordinatorFactoryImp.swift */,
			);
			path = Coordinators;
			sourceTree = "<group>";
		};
		148D4B57256C6A530091BCF3 /* Modules */ = {
			isa = PBXGroup;
			children = (
				148D4B58256C6A530091BCF3 /* ModuleFactory.swift */,
				148D4B5A256C6A530091BCF3 /* ModuleFactoryImp.swift */,
			);
			path = Modules;
			sourceTree = "<group>";
		};
		148D4B5C256C6A530091BCF3 /* Base */ = {
			isa = PBXGroup;
			children = (
				148D4B5D256C6A530091BCF3 /* Base.swift */,
				148D4B5F256C6A530091BCF3 /* BaseNavigationController.swift */,
				148D4B61256C6A530091BCF3 /* Router */,
			);
			path = Base;
			sourceTree = "<group>";
		};
		148D4B61256C6A530091BCF3 /* Router */ = {
			isa = PBXGroup;
			children = (
				148D4B62256C6A530091BCF3 /* Router.swift */,
				148D4B64256C6A530091BCF3 /* RouterImp.swift */,
			);
			path = Router;
			sourceTree = "<group>";
		};
		148D4B66256C6A530091BCF3 /* Extensions */ = {
			isa = PBXGroup;
			children = (
				148D4B67256C6A530091BCF3 /* Date.swift */,
				148D4B69256C6A530091BCF3 /* UIButton.swift */,
				148D4B6B256C6A530091BCF3 /* UIColor.swift */,
				148D4B6D256C6A530091BCF3 /* UIImageView.swift */,
				148D4B6F256C6A530091BCF3 /* UILabel.swift */,
				148D4B71256C6A530091BCF3 /* UITableView.swift */,
				148D4B73256C6A530091BCF3 /* UIView.swift */,
				148D4B75256C6A530091BCF3 /* UIViewController.swift */,
				140C11FC256D6C64003DA8CF /* Misc.swift */,
				14C1E7F125746EEE00F8417E /* LabelTextField.swift */,
				14A6F9A325759642009CC5B7 /* UITextField.swift */,
				14A6F9A82575B9B5009CC5B7 /* ImagePickerHandler.swift */,
			);
			path = Extensions;
			sourceTree = "<group>";
		};
		148D4B89256C6A540091BCF3 /* Foodvisor-technicalTests */ = {
			isa = PBXGroup;
			children = (
				148D4B8A256C6A540091BCF3 /* Foodvisor_technicalTests.swift */,
				148D4B8C256C6A540091BCF3 /* Info.plist */,
			);
			path = "Foodvisor-technicalTests";
			sourceTree = "<group>";
		};
		148D4BAA256C774F0091BCF3 /* Network */ = {
			isa = PBXGroup;
			children = (
				148D4BAB256C776B0091BCF3 /* FoodvisorApi.swift */,
				140C11D4256D564B003DA8CF /* FoodvisorApiModel.swift */,
			);
			path = Network;
			sourceTree = "<group>";
		};
		148D4BB5256C79110091BCF3 /* Foodlist */ = {
			isa = PBXGroup;
			children = (
				1439C7A425730B5300A27920 /* FoodItemEdit */,
				148D4BB6256C79250091BCF3 /* FoodlistCoordinator.swift */,
				140C11D9256D5FF4003DA8CF /* FoodlistController.swift */,
				140C11DE256D65CC003DA8CF /* FoodlistViewModel.swift */,
				140C1204256DC6F3003DA8CF /* FoodlistCell.swift */,
			);
			path = Foodlist;
			sourceTree = "<group>";
		};
		14B2CFC12577004E00BF5DD0 /* Tabbar */ = {
			isa = PBXGroup;
			children = (
				14B2CFC22577006000BF5DD0 /* TabbarCoordinator.swift */,
				14B2CFC72577008500BF5DD0 /* TabbarController.swift */,
			);
			path = Tabbar;
			sourceTree = "<group>";
		};
		14B2CFCC2577046200BF5DD0 /* Generator */ = {
			isa = PBXGroup;
			children = (
				14B2CFCD2577047000BF5DD0 /* GeneratorController.swift */,
				14B2CFD22577050400BF5DD0 /* GeneratorViewModel.swift */,
				14B2CFD7257705FB00BF5DD0 /* GeneratorCoordinator.swift */,
			);
			path = Generator;
			sourceTree = "<group>";
		};
		26639F7BADC1B0DEF0CCAED5 /* Frameworks */ = {
			isa = PBXGroup;
			children = (
				6FDF178638CE9E127E277D2E /* Pods_Foodvisor_technical.framework */,
				03504DD6EF4BBDDB3F1AE357 /* Pods_Foodvisor_technical_Foodvisor_technicalUITests.framework */,
				469B3AB8C117EED9D9A6034A /* Pods_Foodvisor_technicalTests.framework */,
			);
			name = Frameworks;
			sourceTree = "<group>";
		};
		50F456E09BCA93D219D381CC /* Pods */ = {
			isa = PBXGroup;
			children = (
				1EB27D2BFC841C25A5ECDA2B /* Pods-Foodvisor-technical.debug.xcconfig */,
				FE543D6A2FD12E29F5D9F0EB /* Pods-Foodvisor-technical.release.xcconfig */,
				9710411A7095B8F349AEFB63 /* Pods-Foodvisor-technical-Foodvisor-technicalUITests.debug.xcconfig */,
				D13325D94F6A4ECA5EDBECFC /* Pods-Foodvisor-technical-Foodvisor-technicalUITests.release.xcconfig */,
				AD024B063BC77B3E0BD60F38 /* Pods-Foodvisor-technicalTests.debug.xcconfig */,
				770C6B231A0C343B0B3AE4F7 /* Pods-Foodvisor-technicalTests.release.xcconfig */,
			);
			path = Pods;
			sourceTree = "<group>";
		};
/* End PBXGroup section */

/* Begin PBXNativeTarget section */
		148D4B48256C6A530091BCF3 /* Foodvisor-technical */ = {
			isa = PBXNativeTarget;
			buildConfigurationList = 148D4B9A256C6A540091BCF3 /* Build configuration list for PBXNativeTarget "Foodvisor-technical" */;
			buildPhases = (
				33ADF0FEDE5AED6DDF116D65 /* [CP] Check Pods Manifest.lock */,
				148D4B45256C6A530091BCF3 /* Sources */,
				148D4B46256C6A530091BCF3 /* Frameworks */,
				148D4B47256C6A530091BCF3 /* Resources */,
				F3DE58A9F916E05526B8A47A /* [CP] Embed Pods Frameworks */,
			);
			buildRules = (
			);
			dependencies = (
			);
			name = "Foodvisor-technical";
			productName = "Foodvisor-technical";
			productReference = 148D4B49256C6A530091BCF3 /* Foodvisor-technical.app */;
			productType = "com.apple.product-type.application";
		};
		148D4B85256C6A540091BCF3 /* Foodvisor-technicalTests */ = {
			isa = PBXNativeTarget;
			buildConfigurationList = 148D4B9D256C6A540091BCF3 /* Build configuration list for PBXNativeTarget "Foodvisor-technicalTests" */;
			buildPhases = (
				8C35BFAA3B4DD7D831C7A956 /* [CP] Check Pods Manifest.lock */,
				148D4B82256C6A540091BCF3 /* Sources */,
				148D4B83256C6A540091BCF3 /* Frameworks */,
				148D4B84256C6A540091BCF3 /* Resources */,
			);
			buildRules = (
			);
			dependencies = (
				148D4B88256C6A540091BCF3 /* PBXTargetDependency */,
			);
			name = "Foodvisor-technicalTests";
			productName = "Foodvisor-technicalTests";
			productReference = 148D4B86256C6A540091BCF3 /* Foodvisor-technicalTests.xctest */;
			productType = "com.apple.product-type.bundle.unit-test";
		};
/* End PBXNativeTarget section */

/* Begin PBXProject section */
		148D4B41256C6A530091BCF3 /* Project object */ = {
			isa = PBXProject;
			attributes = {
				LastSwiftUpdateCheck = 1200;
				LastUpgradeCheck = 1200;
				TargetAttributes = {
					148D4B48256C6A530091BCF3 = {
						CreatedOnToolsVersion = 12.0.1;
					};
					148D4B85256C6A540091BCF3 = {
						CreatedOnToolsVersion = 12.0.1;
						TestTargetID = 148D4B48256C6A530091BCF3;
					};
				};
			};
			buildConfigurationList = 148D4B44256C6A530091BCF3 /* Build configuration list for PBXProject "Foodvisor-technical" */;
			compatibilityVersion = "Xcode 9.3";
			developmentRegion = en;
			hasScannedForEncodings = 0;
			knownRegions = (
				en,
				Base,
			);
			mainGroup = 148D4B40256C6A530091BCF3;
			productRefGroup = 148D4B4A256C6A530091BCF3 /* Products */;
			projectDirPath = "";
			projectRoot = "";
			targets = (
				148D4B48256C6A530091BCF3 /* Foodvisor-technical */,
				148D4B85256C6A540091BCF3 /* Foodvisor-technicalTests */,
			);
		};
/* End PBXProject section */

/* Begin PBXResourcesBuildPhase section */
		148D4B47256C6A530091BCF3 /* Resources */ = {
			isa = PBXResourcesBuildPhase;
			buildActionMask = 2147483647;
			files = (
				148D4B7D256C6A540091BCF3 /* Assets.xcassets in Resources */,
				148D4B80256C6A540091BCF3 /* LaunchScreen.storyboard in Resources */,
			);
			runOnlyForDeploymentPostprocessing = 0;
		};
		148D4B84256C6A540091BCF3 /* Resources */ = {
			isa = PBXResourcesBuildPhase;
			buildActionMask = 2147483647;
			files = (
			);
			runOnlyForDeploymentPostprocessing = 0;
		};
/* End PBXResourcesBuildPhase section */

/* Begin PBXShellScriptBuildPhase section */
		33ADF0FEDE5AED6DDF116D65 /* [CP] Check Pods Manifest.lock */ = {
			isa = PBXShellScriptBuildPhase;
			buildActionMask = 2147483647;
			files = (
			);
			inputFileListPaths = (
			);
			inputPaths = (
				"${PODS_PODFILE_DIR_PATH}/Podfile.lock",
				"${PODS_ROOT}/Manifest.lock",
			);
			name = "[CP] Check Pods Manifest.lock";
			outputFileListPaths = (
			);
			outputPaths = (
				"$(DERIVED_FILE_DIR)/Pods-Foodvisor-technical-checkManifestLockResult.txt",
			);
			runOnlyForDeploymentPostprocessing = 0;
			shellPath = /bin/sh;
			shellScript = "diff \"${PODS_PODFILE_DIR_PATH}/Podfile.lock\" \"${PODS_ROOT}/Manifest.lock\" > /dev/null\nif [ $? != 0 ] ; then\n    # print error to STDERR\n    echo \"error: The sandbox is not in sync with the Podfile.lock. Run 'pod install' or update your CocoaPods installation.\" >&2\n    exit 1\nfi\n# This output is used by Xcode 'outputs' to avoid re-running this script phase.\necho \"SUCCESS\" > \"${SCRIPT_OUTPUT_FILE_0}\"\n";
			showEnvVarsInLog = 0;
		};
		8C35BFAA3B4DD7D831C7A956 /* [CP] Check Pods Manifest.lock */ = {
			isa = PBXShellScriptBuildPhase;
			buildActionMask = 2147483647;
			files = (
			);
			inputFileListPaths = (
			);
			inputPaths = (
				"${PODS_PODFILE_DIR_PATH}/Podfile.lock",
				"${PODS_ROOT}/Manifest.lock",
			);
			name = "[CP] Check Pods Manifest.lock";
			outputFileListPaths = (
			);
			outputPaths = (
				"$(DERIVED_FILE_DIR)/Pods-Foodvisor-technicalTests-checkManifestLockResult.txt",
			);
			runOnlyForDeploymentPostprocessing = 0;
			shellPath = /bin/sh;
			shellScript = "diff \"${PODS_PODFILE_DIR_PATH}/Podfile.lock\" \"${PODS_ROOT}/Manifest.lock\" > /dev/null\nif [ $? != 0 ] ; then\n    # print error to STDERR\n    echo \"error: The sandbox is not in sync with the Podfile.lock. Run 'pod install' or update your CocoaPods installation.\" >&2\n    exit 1\nfi\n# This output is used by Xcode 'outputs' to avoid re-running this script phase.\necho \"SUCCESS\" > \"${SCRIPT_OUTPUT_FILE_0}\"\n";
			showEnvVarsInLog = 0;
		};
		F3DE58A9F916E05526B8A47A /* [CP] Embed Pods Frameworks */ = {
			isa = PBXShellScriptBuildPhase;
			buildActionMask = 2147483647;
			files = (
			);
			inputFileListPaths = (
				"${PODS_ROOT}/Target Support Files/Pods-Foodvisor-technical/Pods-Foodvisor-technical-frameworks-${CONFIGURATION}-input-files.xcfilelist",
			);
			name = "[CP] Embed Pods Frameworks";
			outputFileListPaths = (
				"${PODS_ROOT}/Target Support Files/Pods-Foodvisor-technical/Pods-Foodvisor-technical-frameworks-${CONFIGURATION}-output-files.xcfilelist",
			);
			runOnlyForDeploymentPostprocessing = 0;
			shellPath = /bin/sh;
			shellScript = "\"${PODS_ROOT}/Target Support Files/Pods-Foodvisor-technical/Pods-Foodvisor-technical-frameworks.sh\"\n";
			showEnvVarsInLog = 0;
		};
/* End PBXShellScriptBuildPhase section */

/* Begin PBXSourcesBuildPhase section */
		148D4B45256C6A530091BCF3 /* Sources */ = {
			isa = PBXSourcesBuildPhase;
			buildActionMask = 2147483647;
			files = (
				14B2CFD8257705FB00BF5DD0 /* GeneratorCoordinator.swift in Sources */,
				14C1E7F225746EEE00F8417E /* LabelTextField.swift in Sources */,
				140C11FD256D6C64003DA8CF /* Misc.swift in Sources */,
				140C11F3256D6A9F003DA8CF /* DataManager.swift in Sources */,
				148D4B60256C6A530091BCF3 /* BaseNavigationController.swift in Sources */,
				148D4BB1256C77B60091BCF3 /* Constants.swift in Sources */,
				140C11DA256D5FF4003DA8CF /* FoodlistController.swift in Sources */,
				148D4BB7256C79250091BCF3 /* FoodlistCoordinator.swift in Sources */,
				148D4B56256C6A530091BCF3 /* CoordinatorFactoryImp.swift in Sources */,
				148D4B76256C6A530091BCF3 /* UIViewController.swift in Sources */,
				148D4B6E256C6A530091BCF3 /* UIImageView.swift in Sources */,
				148D4B5B256C6A530091BCF3 /* ModuleFactoryImp.swift in Sources */,
				14B2CFCE2577047000BF5DD0 /* GeneratorController.swift in Sources */,
				148D4B65256C6A530091BCF3 /* RouterImp.swift in Sources */,
				148D4BAC256C776B0091BCF3 /* FoodvisorApi.swift in Sources */,
				148D4B54256C6A530091BCF3 /* CoordinatorFactory.swift in Sources */,
				148D4B63256C6A530091BCF3 /* Router.swift in Sources */,
				148D4B59256C6A530091BCF3 /* ModuleFactory.swift in Sources */,
				14A6F9A425759642009CC5B7 /* UITextField.swift in Sources */,
				140C11DF256D65CC003DA8CF /* FoodlistViewModel.swift in Sources */,
				140C1205256DC6F3003DA8CF /* FoodlistCell.swift in Sources */,
				148D4B50256C6A530091BCF3 /* AppCoordinator.swift in Sources */,
				148D4B68256C6A530091BCF3 /* Date.swift in Sources */,
				14A6F9A92575B9B5009CC5B7 /* ImagePickerHandler.swift in Sources */,
				148D4B70256C6A530091BCF3 /* UILabel.swift in Sources */,
				148D4B6C256C6A530091BCF3 /* UIColor.swift in Sources */,
				148D4B5E256C6A530091BCF3 /* Base.swift in Sources */,
				148D4B74256C6A530091BCF3 /* UIView.swift in Sources */,
				140C11D5256D564B003DA8CF /* FoodvisorApiModel.swift in Sources */,
				1439C7A0257303CA00A27920 /* FoodItemEditController.swift in Sources */,
				14B2CFC32577006000BF5DD0 /* TabbarCoordinator.swift in Sources */,
				14B2CFD32577050400BF5DD0 /* GeneratorViewModel.swift in Sources */,
				148D4B72256C6A530091BCF3 /* UITableView.swift in Sources */,
				140C11EB256D6A3A003DA8CF /* Food+CoreDataProperties.swift in Sources */,
				148D4B4D256C6A530091BCF3 /* AppDelegate.swift in Sources */,
				1439C7A625730B6900A27920 /* FoodItemEditViewModel.swift in Sources */,
				14B2CFC82577008500BF5DD0 /* TabbarController.swift in Sources */,
				140C11EA256D6A3A003DA8CF /* Food+CoreDataClass.swift in Sources */,
				148D4B7B256C6A530091BCF3 /* Foodvisor_technical.xcdatamodeld in Sources */,
				148D4B6A256C6A530091BCF3 /* UIButton.swift in Sources */,
				140C11F8256D6B46003DA8CF /* FoodDataManager.swift in Sources */,
			);
			runOnlyForDeploymentPostprocessing = 0;
		};
		148D4B82256C6A540091BCF3 /* Sources */ = {
			isa = PBXSourcesBuildPhase;
			buildActionMask = 2147483647;
			files = (
				14B2CFB12576FC9B00BF5DD0 /* Foodvisor_technical.xcdatamodeld in Sources */,
				148D4B8B256C6A540091BCF3 /* Foodvisor_technicalTests.swift in Sources */,
			);
			runOnlyForDeploymentPostprocessing = 0;
		};
/* End PBXSourcesBuildPhase section */

/* Begin PBXTargetDependency section */
		148D4B88256C6A540091BCF3 /* PBXTargetDependency */ = {
			isa = PBXTargetDependency;
			target = 148D4B48256C6A530091BCF3 /* Foodvisor-technical */;
			targetProxy = 148D4B87256C6A540091BCF3 /* PBXContainerItemProxy */;
		};
/* End PBXTargetDependency section */

/* Begin PBXVariantGroup section */
		148D4B7E256C6A540091BCF3 /* LaunchScreen.storyboard */ = {
			isa = PBXVariantGroup;
			children = (
				148D4B7F256C6A540091BCF3 /* Base */,
			);
			name = LaunchScreen.storyboard;
			sourceTree = "<group>";
		};
/* End PBXVariantGroup section */

/* Begin XCBuildConfiguration section */
		148D4B98256C6A540091BCF3 /* Debug */ = {
			isa = XCBuildConfiguration;
			buildSettings = {
				ALWAYS_SEARCH_USER_PATHS = NO;
				CLANG_ANALYZER_NONNULL = YES;
				CLANG_ANALYZER_NUMBER_OBJECT_CONVERSION = YES_AGGRESSIVE;
				CLANG_CXX_LANGUAGE_STANDARD = "gnu++14";
				CLANG_CXX_LIBRARY = "libc++";
				CLANG_ENABLE_MODULES = YES;
				CLANG_ENABLE_OBJC_ARC = YES;
				CLANG_ENABLE_OBJC_WEAK = YES;
				CLANG_WARN_BLOCK_CAPTURE_AUTORELEASING = YES;
				CLANG_WARN_BOOL_CONVERSION = YES;
				CLANG_WARN_COMMA = YES;
				CLANG_WARN_CONSTANT_CONVERSION = YES;
				CLANG_WARN_DEPRECATED_OBJC_IMPLEMENTATIONS = YES;
				CLANG_WARN_DIRECT_OBJC_ISA_USAGE = YES_ERROR;
				CLANG_WARN_DOCUMENTATION_COMMENTS = YES;
				CLANG_WARN_EMPTY_BODY = YES;
				CLANG_WARN_ENUM_CONVERSION = YES;
				CLANG_WARN_INFINITE_RECURSION = YES;
				CLANG_WARN_INT_CONVERSION = YES;
				CLANG_WARN_NON_LITERAL_NULL_CONVERSION = YES;
				CLANG_WARN_OBJC_IMPLICIT_RETAIN_SELF = YES;
				CLANG_WARN_OBJC_LITERAL_CONVERSION = YES;
				CLANG_WARN_OBJC_ROOT_CLASS = YES_ERROR;
				CLANG_WARN_QUOTED_INCLUDE_IN_FRAMEWORK_HEADER = YES;
				CLANG_WARN_RANGE_LOOP_ANALYSIS = YES;
				CLANG_WARN_STRICT_PROTOTYPES = YES;
				CLANG_WARN_SUSPICIOUS_MOVE = YES;
				CLANG_WARN_UNGUARDED_AVAILABILITY = YES_AGGRESSIVE;
				CLANG_WARN_UNREACHABLE_CODE = YES;
				CLANG_WARN__DUPLICATE_METHOD_MATCH = YES;
				COPY_PHASE_STRIP = NO;
				DEBUG_INFORMATION_FORMAT = dwarf;
				ENABLE_STRICT_OBJC_MSGSEND = YES;
				ENABLE_TESTABILITY = YES;
				GCC_C_LANGUAGE_STANDARD = gnu11;
				GCC_DYNAMIC_NO_PIC = NO;
				GCC_NO_COMMON_BLOCKS = YES;
				GCC_OPTIMIZATION_LEVEL = 0;
				GCC_PREPROCESSOR_DEFINITIONS = (
					"DEBUG=1",
					"$(inherited)",
				);
				GCC_WARN_64_TO_32_BIT_CONVERSION = YES;
				GCC_WARN_ABOUT_RETURN_TYPE = YES_ERROR;
				GCC_WARN_UNDECLARED_SELECTOR = YES;
				GCC_WARN_UNINITIALIZED_AUTOS = YES_AGGRESSIVE;
				GCC_WARN_UNUSED_FUNCTION = YES;
				GCC_WARN_UNUSED_VARIABLE = YES;
				IPHONEOS_DEPLOYMENT_TARGET = 14.0;
				MTL_ENABLE_DEBUG_INFO = INCLUDE_SOURCE;
				MTL_FAST_MATH = YES;
				ONLY_ACTIVE_ARCH = YES;
				SDKROOT = iphoneos;
				SWIFT_ACTIVE_COMPILATION_CONDITIONS = DEBUG;
				SWIFT_OPTIMIZATION_LEVEL = "-Onone";
			};
			name = Debug;
		};
		148D4B99256C6A540091BCF3 /* Release */ = {
			isa = XCBuildConfiguration;
			buildSettings = {
				ALWAYS_SEARCH_USER_PATHS = NO;
				CLANG_ANALYZER_NONNULL = YES;
				CLANG_ANALYZER_NUMBER_OBJECT_CONVERSION = YES_AGGRESSIVE;
				CLANG_CXX_LANGUAGE_STANDARD = "gnu++14";
				CLANG_CXX_LIBRARY = "libc++";
				CLANG_ENABLE_MODULES = YES;
				CLANG_ENABLE_OBJC_ARC = YES;
				CLANG_ENABLE_OBJC_WEAK = YES;
				CLANG_WARN_BLOCK_CAPTURE_AUTORELEASING = YES;
				CLANG_WARN_BOOL_CONVERSION = YES;
				CLANG_WARN_COMMA = YES;
				CLANG_WARN_CONSTANT_CONVERSION = YES;
				CLANG_WARN_DEPRECATED_OBJC_IMPLEMENTATIONS = YES;
				CLANG_WARN_DIRECT_OBJC_ISA_USAGE = YES_ERROR;
				CLANG_WARN_DOCUMENTATION_COMMENTS = YES;
				CLANG_WARN_EMPTY_BODY = YES;
				CLANG_WARN_ENUM_CONVERSION = YES;
				CLANG_WARN_INFINITE_RECURSION = YES;
				CLANG_WARN_INT_CONVERSION = YES;
				CLANG_WARN_NON_LITERAL_NULL_CONVERSION = YES;
				CLANG_WARN_OBJC_IMPLICIT_RETAIN_SELF = YES;
				CLANG_WARN_OBJC_LITERAL_CONVERSION = YES;
				CLANG_WARN_OBJC_ROOT_CLASS = YES_ERROR;
				CLANG_WARN_QUOTED_INCLUDE_IN_FRAMEWORK_HEADER = YES;
				CLANG_WARN_RANGE_LOOP_ANALYSIS = YES;
				CLANG_WARN_STRICT_PROTOTYPES = YES;
				CLANG_WARN_SUSPICIOUS_MOVE = YES;
				CLANG_WARN_UNGUARDED_AVAILABILITY = YES_AGGRESSIVE;
				CLANG_WARN_UNREACHABLE_CODE = YES;
				CLANG_WARN__DUPLICATE_METHOD_MATCH = YES;
				COPY_PHASE_STRIP = NO;
				DEBUG_INFORMATION_FORMAT = "dwarf-with-dsym";
				ENABLE_NS_ASSERTIONS = NO;
				ENABLE_STRICT_OBJC_MSGSEND = YES;
				GCC_C_LANGUAGE_STANDARD = gnu11;
				GCC_NO_COMMON_BLOCKS = YES;
				GCC_WARN_64_TO_32_BIT_CONVERSION = YES;
				GCC_WARN_ABOUT_RETURN_TYPE = YES_ERROR;
				GCC_WARN_UNDECLARED_SELECTOR = YES;
				GCC_WARN_UNINITIALIZED_AUTOS = YES_AGGRESSIVE;
				GCC_WARN_UNUSED_FUNCTION = YES;
				GCC_WARN_UNUSED_VARIABLE = YES;
				IPHONEOS_DEPLOYMENT_TARGET = 14.0;
				MTL_ENABLE_DEBUG_INFO = NO;
				MTL_FAST_MATH = YES;
				SDKROOT = iphoneos;
				SWIFT_COMPILATION_MODE = wholemodule;
				SWIFT_OPTIMIZATION_LEVEL = "-O";
				VALIDATE_PRODUCT = YES;
			};
			name = Release;
		};
		148D4B9B256C6A540091BCF3 /* Debug */ = {
			isa = XCBuildConfiguration;
			baseConfigurationReference = 1EB27D2BFC841C25A5ECDA2B /* Pods-Foodvisor-technical.debug.xcconfig */;
			buildSettings = {
				ASSETCATALOG_COMPILER_APPICON_NAME = AppIcon;
				ASSETCATALOG_COMPILER_GLOBAL_ACCENT_COLOR_NAME = AccentColor;
				CODE_SIGN_STYLE = Automatic;
				DEVELOPMENT_TEAM = GJG75689M4;
				INFOPLIST_FILE = "Foodvisor-technical/Info.plist";
				IPHONEOS_DEPLOYMENT_TARGET = 13.0;
				LD_RUNPATH_SEARCH_PATHS = (
					"$(inherited)",
					"@executable_path/Frameworks",
				);
				PRODUCT_BUNDLE_IDENTIFIER = "durand-n.foodvisor-test";
				PRODUCT_NAME = "$(TARGET_NAME)";
				SWIFT_VERSION = 5.0;
				TARGETED_DEVICE_FAMILY = "1,2";
			};
			name = Debug;
		};
		148D4B9C256C6A540091BCF3 /* Release */ = {
			isa = XCBuildConfiguration;
			baseConfigurationReference = FE543D6A2FD12E29F5D9F0EB /* Pods-Foodvisor-technical.release.xcconfig */;
			buildSettings = {
				ASSETCATALOG_COMPILER_APPICON_NAME = AppIcon;
				ASSETCATALOG_COMPILER_GLOBAL_ACCENT_COLOR_NAME = AccentColor;
				CODE_SIGN_STYLE = Automatic;
				DEVELOPMENT_TEAM = GJG75689M4;
				INFOPLIST_FILE = "Foodvisor-technical/Info.plist";
				IPHONEOS_DEPLOYMENT_TARGET = 13.0;
				LD_RUNPATH_SEARCH_PATHS = (
					"$(inherited)",
					"@executable_path/Frameworks",
				);
				PRODUCT_BUNDLE_IDENTIFIER = "durand-n.foodvisor-test";
				PRODUCT_NAME = "$(TARGET_NAME)";
				SWIFT_VERSION = 5.0;
				TARGETED_DEVICE_FAMILY = "1,2";
			};
			name = Release;
		};
		148D4B9E256C6A540091BCF3 /* Debug */ = {
			isa = XCBuildConfiguration;
			baseConfigurationReference = AD024B063BC77B3E0BD60F38 /* Pods-Foodvisor-technicalTests.debug.xcconfig */;
			buildSettings = {
				ALWAYS_EMBED_SWIFT_STANDARD_LIBRARIES = YES;
				BUNDLE_LOADER = "$(TEST_HOST)";
				CODE_SIGN_STYLE = Automatic;
				DEVELOPMENT_TEAM = GJG75689M4;
				INFOPLIST_FILE = "Foodvisor-technicalTests/Info.plist";
				IPHONEOS_DEPLOYMENT_TARGET = 14.0;
				LD_RUNPATH_SEARCH_PATHS = (
					"$(inherited)",
					"@executable_path/Frameworks",
					"@loader_path/Frameworks",
				);
				PRODUCT_BUNDLE_IDENTIFIER = "durand-n.Foodvisor-technicalTests";
				PRODUCT_NAME = "$(TARGET_NAME)";
				SWIFT_VERSION = 5.0;
				TARGETED_DEVICE_FAMILY = "1,2";
				TEST_HOST = "$(BUILT_PRODUCTS_DIR)/Foodvisor-technical.app/Foodvisor-technical";
			};
			name = Debug;
		};
		148D4B9F256C6A540091BCF3 /* Release */ = {
			isa = XCBuildConfiguration;
			baseConfigurationReference = 770C6B231A0C343B0B3AE4F7 /* Pods-Foodvisor-technicalTests.release.xcconfig */;
			buildSettings = {
				ALWAYS_EMBED_SWIFT_STANDARD_LIBRARIES = YES;
				BUNDLE_LOADER = "$(TEST_HOST)";
				CODE_SIGN_STYLE = Automatic;
				DEVELOPMENT_TEAM = GJG75689M4;
				INFOPLIST_FILE = "Foodvisor-technicalTests/Info.plist";
				IPHONEOS_DEPLOYMENT_TARGET = 14.0;
				LD_RUNPATH_SEARCH_PATHS = (
					"$(inherited)",
					"@executable_path/Frameworks",
					"@loader_path/Frameworks",
				);
				PRODUCT_BUNDLE_IDENTIFIER = "durand-n.Foodvisor-technicalTests";
				PRODUCT_NAME = "$(TARGET_NAME)";
				SWIFT_VERSION = 5.0;
				TARGETED_DEVICE_FAMILY = "1,2";
				TEST_HOST = "$(BUILT_PRODUCTS_DIR)/Foodvisor-technical.app/Foodvisor-technical";
			};
			name = Release;
		};
/* End XCBuildConfiguration section */

/* Begin XCConfigurationList section */
		148D4B44256C6A530091BCF3 /* Build configuration list for PBXProject "Foodvisor-technical" */ = {
			isa = XCConfigurationList;
			buildConfigurations = (
				148D4B98256C6A540091BCF3 /* Debug */,
				148D4B99256C6A540091BCF3 /* Release */,
			);
			defaultConfigurationIsVisible = 0;
			defaultConfigurationName = Release;
		};
		148D4B9A256C6A540091BCF3 /* Build configuration list for PBXNativeTarget "Foodvisor-technical" */ = {
			isa = XCConfigurationList;
			buildConfigurations = (
				148D4B9B256C6A540091BCF3 /* Debug */,
				148D4B9C256C6A540091BCF3 /* Release */,
			);
			defaultConfigurationIsVisible = 0;
			defaultConfigurationName = Release;
		};
		148D4B9D256C6A540091BCF3 /* Build configuration list for PBXNativeTarget "Foodvisor-technicalTests" */ = {
			isa = XCConfigurationList;
			buildConfigurations = (
				148D4B9E256C6A540091BCF3 /* Debug */,
				148D4B9F256C6A540091BCF3 /* Release */,
			);
			defaultConfigurationIsVisible = 0;
			defaultConfigurationName = Release;
		};
/* End XCConfigurationList section */

/* Begin XCVersionGroup section */
		148D4B79256C6A530091BCF3 /* Foodvisor_technical.xcdatamodeld */ = {
			isa = XCVersionGroup;
			children = (
				148D4B7A256C6A530091BCF3 /* Foodvisor_technical.xcdatamodel */,
			);
			currentVersion = 148D4B7A256C6A530091BCF3 /* Foodvisor_technical.xcdatamodel */;
			path = Foodvisor_technical.xcdatamodeld;
			sourceTree = "<group>";
			versionGroupType = wrapper.xcdatamodel;
		};
/* End XCVersionGroup section */
	};
	rootObject = 148D4B41256C6A530091BCF3 /* Project object */;
}
